PODS:
  - AFNetworking (3.1.0):
    - AFNetworking/NSURLSession (= 3.1.0)
    - AFNetworking/Reachability (= 3.1.0)
    - AFNetworking/Security (= 3.1.0)
    - AFNetworking/Serialization (= 3.1.0)
    - AFNetworking/UIKit (= 3.1.0)
  - AFNetworking/NSURLSession (3.1.0):
    - AFNetworking/Reachability
    - AFNetworking/Security
    - AFNetworking/Serialization
  - AFNetworking/Reachability (3.1.0)
  - AFNetworking/Security (3.1.0)
  - AFNetworking/Serialization (3.1.0)
  - AFNetworking/UIKit (3.1.0):
    - AFNetworking/NSURLSession
  - MBProgressHUD (1.0.0)
  - MTDates (0.12.0)
  - SDWebImage (3.7.6):
    - SDWebImage/Core (= 3.7.6)
  - SDWebImage/Core (3.7.6)
  - SlideMenuControllerOC (1.0.1)

DEPENDENCIES:
  - AFNetworking (~> 3.1.0)
  - MBProgressHUD (~> 1.0.0)
  - MTDates (~> 0.12.0)
  - SDWebImage (~> 3.7.3)
  - SlideMenuControllerOC

SPEC CHECKSUMS:
  AFNetworking: 5e0e199f73d8626b11e79750991f5d173d1f8b67
  MBProgressHUD: 4890f671c94e8a0f3cf959aa731e9de2f036d71a
  MTDates: 6a67ac516501e0806bc1498f6ab7c2030ed1ab92
  SDWebImage: c325cf02c30337336b95beff20a13df489ec0ec9
  SlideMenuControllerOC: c0527642a48fa16602bb08257c1ffed0e1bd09b7

PODFILE CHECKSUM: 6720b1b82cabf79db17f93f91ba6194c7d58049b

COCOAPODS: 1.2.0.beta.1
