// !$*UTF8*$!
{
	archiveVersion = 1;
	classes = {
	};
	objectVersion = 46;
	objects = {

/* Begin PBXBuildFile section */
		4A23DFF71DF5420200D57BC0 /* ContentViewController.m in Sources */ = {isa = PBXBuildFile; fileRef = 4A23DFF51DF5420200D57BC0 /* ContentViewController.m */; };
		4A23DFF81DF5420200D57BC0 /* ContentViewController.xib in Resources */ = {isa = PBXBuildFile; fileRef = 4A23DFF61DF5420200D57BC0 /* ContentViewController.xib */; };
		4A23DFFB1DF54FA100D57BC0 /* TransDate.m in Sources */ = {isa = PBXBuildFile; fileRef = 4A23DFFA1DF54FA100D57BC0 /* TransDate.m */; };
		4A490E0D1DF6476800CF1E6A /* NetWork.m in Sources */ = {isa = PBXBuildFile; fileRef = 4A490E0C1DF6476800CF1E6A /* NetWork.m */; };
		4A490E111DF693F200CF1E6A /* SecondCollectionViewCell.m in Sources */ = {isa = PBXBuildFile; fileRef = 4A490E0F1DF693F200CF1E6A /* SecondCollectionViewCell.m */; };
		4A490E121DF693F200CF1E6A /* SecondCollectionViewCell.xib in Resources */ = {isa = PBXBuildFile; fileRef = 4A490E101DF693F200CF1E6A /* SecondCollectionViewCell.xib */; };
		4A490E151DF7C1EA00CF1E6A /* ThirdViewController.m in Sources */ = {isa = PBXBuildFile; fileRef = 4A490E141DF7C1EA00CF1E6A /* ThirdViewController.m */; };
		4A6BDE251DF1187200E69F11 /* NewsListCell.m in Sources */ = {isa = PBXBuildFile; fileRef = 4A6BDE231DF1187200E69F11 /* NewsListCell.m */; };
		4A6BDE261DF1187200E69F11 /* NewsListCell.xib in Resources */ = {isa = PBXBuildFile; fileRef = 4A6BDE241DF1187200E69F11 /* NewsListCell.xib */; };
		4A6C23CD1DEE5EE200F61CD0 /* main.m in Sources */ = {isa = PBXBuildFile; fileRef = 4A6C23CC1DEE5EE200F61CD0 /* main.m */; };
		4A6C23D01DEE5EE200F61CD0 /* AppDelegate.m in Sources */ = {isa = PBXBuildFile; fileRef = 4A6C23CF1DEE5EE200F61CD0 /* AppDelegate.m */; };
		4A6C23D31DEE5EE200F61CD0 /* FirstViewController.m in Sources */ = {isa = PBXBuildFile; fileRef = 4A6C23D21DEE5EE200F61CD0 /* FirstViewController.m */; };
		4A6C23D61DEE5EE200F61CD0 /* SecondViewController.m in Sources */ = {isa = PBXBuildFile; fileRef = 4A6C23D51DEE5EE200F61CD0 /* SecondViewController.m */; };
		4A6C23D91DEE5EE200F61CD0 /* Main.storyboard in Resources */ = {isa = PBXBuildFile; fileRef = 4A6C23D71DEE5EE200F61CD0 /* Main.storyboard */; };
		4A6C23DB1DEE5EE200F61CD0 /* Assets.xcassets in Resources */ = {isa = PBXBuildFile; fileRef = 4A6C23DA1DEE5EE200F61CD0 /* Assets.xcassets */; };
		4A6C23DE1DEE5EE200F61CD0 /* LaunchScreen.storyboard in Resources */ = {isa = PBXBuildFile; fileRef = 4A6C23DC1DEE5EE200F61CD0 /* LaunchScreen.storyboard */; };
		4A6C23E91DEE5EE300F61CD0 /* wantengTests.m in Sources */ = {isa = PBXBuildFile; fileRef = 4A6C23E81DEE5EE300F61CD0 /* wantengTests.m */; };
		4A6C23F41DEE5EE300F61CD0 /* wantengUITests.m in Sources */ = {isa = PBXBuildFile; fileRef = 4A6C23F31DEE5EE300F61CD0 /* wantengUITests.m */; };
		4A6C240B1DEECCD700F61CD0 /* LoadingImageview.m in Sources */ = {isa = PBXBuildFile; fileRef = 4A6C240A1DEECCD700F61CD0 /* LoadingImageview.m */; };
		4A6C240D1DEED75700F61CD0 /* loading1.gif in Resources */ = {isa = PBXBuildFile; fileRef = 4A6C240C1DEED75700F61CD0 /* loading1.gif */; };
		4A6C24171DEFC7D500F61CD0 /* UIFont+Extension.m in Sources */ = {isa = PBXBuildFile; fileRef = 4A6C24111DEFC7D400F61CD0 /* UIFont+Extension.m */; };
		4A6C24181DEFC7D500F61CD0 /* UIImage+Extension.m in Sources */ = {isa = PBXBuildFile; fileRef = 4A6C24131DEFC7D400F61CD0 /* UIImage+Extension.m */; };
		4A6C24191DEFC7D500F61CD0 /* UIView+Extension.m in Sources */ = {isa = PBXBuildFile; fileRef = 4A6C24151DEFC7D400F61CD0 /* UIView+Extension.m */; };
		EBDFB6BA839D519CA7D2AC2A /* libPods-wanteng.a in Frameworks */ = {isa = PBXBuildFile; fileRef = CD270246228C5811B4F763BC /* libPods-wanteng.a */; };
/* End PBXBuildFile section */

/* Begin PBXContainerItemProxy section */
		4A6C23E51DEE5EE300F61CD0 /* PBXContainerItemProxy */ = {
			isa = PBXContainerItemProxy;
			containerPortal = 4A6C23C01DEE5EE200F61CD0 /* Project object */;
			proxyType = 1;
			remoteGlobalIDString = 4A6C23C71DEE5EE200F61CD0;
			remoteInfo = wanteng;
		};
		4A6C23F01DEE5EE300F61CD0 /* PBXContainerItemProxy */ = {
			isa = PBXContainerItemProxy;
			containerPortal = 4A6C23C01DEE5EE200F61CD0 /* Project object */;
			proxyType = 1;
			remoteGlobalIDString = 4A6C23C71DEE5EE200F61CD0;
			remoteInfo = wanteng;
		};
/* End PBXContainerItemProxy section */

/* Begin PBXFileReference section */
		4A23DFF41DF5420200D57BC0 /* ContentViewController.h */ = {isa = PBXFileReference; fileEncoding = 4; lastKnownFileType = sourcecode.c.h; path = ContentViewController.h; sourceTree = "<group>"; };
		4A23DFF51DF5420200D57BC0 /* ContentViewController.m */ = {isa = PBXFileReference; fileEncoding = 4; lastKnownFileType = sourcecode.c.objc; path = ContentViewController.m; sourceTree = "<group>"; };
		4A23DFF61DF5420200D57BC0 /* ContentViewController.xib */ = {isa = PBXFileReference; fileEncoding = 4; lastKnownFileType = file.xib; path = ContentViewController.xib; sourceTree = "<group>"; };
		4A23DFF91DF54FA100D57BC0 /* TransDate.h */ = {isa = PBXFileReference; fileEncoding = 4; lastKnownFileType = sourcecode.c.h; name = TransDate.h; path = wanteng/TransDate.h; sourceTree = "<group>"; };
		4A23DFFA1DF54FA100D57BC0 /* TransDate.m */ = {isa = PBXFileReference; fileEncoding = 4; lastKnownFileType = sourcecode.c.objc; name = TransDate.m; path = wanteng/TransDate.m; sourceTree = "<group>"; };
		4A490E0B1DF6476800CF1E6A /* NetWork.h */ = {isa = PBXFileReference; fileEncoding = 4; lastKnownFileType = sourcecode.c.h; path = NetWork.h; sourceTree = "<group>"; };
		4A490E0C1DF6476800CF1E6A /* NetWork.m */ = {isa = PBXFileReference; fileEncoding = 4; lastKnownFileType = sourcecode.c.objc; path = NetWork.m; sourceTree = "<group>"; };
		4A490E0E1DF693F200CF1E6A /* SecondCollectionViewCell.h */ = {isa = PBXFileReference; fileEncoding = 4; lastKnownFileType = sourcecode.c.h; path = SecondCollectionViewCell.h; sourceTree = "<group>"; };
		4A490E0F1DF693F200CF1E6A /* SecondCollectionViewCell.m */ = {isa = PBXFileReference; fileEncoding = 4; lastKnownFileType = sourcecode.c.objc; path = SecondCollectionViewCell.m; sourceTree = "<group>"; };
		4A490E101DF693F200CF1E6A /* SecondCollectionViewCell.xib */ = {isa = PBXFileReference; fileEncoding = 4; lastKnownFileType = file.xib; path = SecondCollectionViewCell.xib; sourceTree = "<group>"; };
		4A490E131DF7C1EA00CF1E6A /* ThirdViewController.h */ = {isa = PBXFileReference; fileEncoding = 4; lastKnownFileType = sourcecode.c.h; path = ThirdViewController.h; sourceTree = "<group>"; };
		4A490E141DF7C1EA00CF1E6A /* ThirdViewController.m */ = {isa = PBXFileReference; fileEncoding = 4; lastKnownFileType = sourcecode.c.objc; path = ThirdViewController.m; sourceTree = "<group>"; };
		4A6BDE221DF1187200E69F11 /* NewsListCell.h */ = {isa = PBXFileReference; fileEncoding = 4; lastKnownFileType = sourcecode.c.h; path = NewsListCell.h; sourceTree = "<group>"; };
		4A6BDE231DF1187200E69F11 /* NewsListCell.m */ = {isa = PBXFileReference; fileEncoding = 4; lastKnownFileType = sourcecode.c.objc; path = NewsListCell.m; sourceTree = "<group>"; };
		4A6BDE241DF1187200E69F11 /* NewsListCell.xib */ = {isa = PBXFileReference; fileEncoding = 4; lastKnownFileType = file.xib; path = NewsListCell.xib; sourceTree = "<group>"; };
		4A6C23C81DEE5EE200F61CD0 /* wanteng.app */ = {isa = PBXFileReference; explicitFileType = wrapper.application; includeInIndex = 0; path = wanteng.app; sourceTree = BUILT_PRODUCTS_DIR; };
		4A6C23CC1DEE5EE200F61CD0 /* main.m */ = {isa = PBXFileReference; lastKnownFileType = sourcecode.c.objc; path = main.m; sourceTree = "<group>"; };
		4A6C23CE1DEE5EE200F61CD0 /* AppDelegate.h */ = {isa = PBXFileReference; lastKnownFileType = sourcecode.c.h; path = AppDelegate.h; sourceTree = "<group>"; };
		4A6C23CF1DEE5EE200F61CD0 /* AppDelegate.m */ = {isa = PBXFileReference; lastKnownFileType = sourcecode.c.objc; path = AppDelegate.m; sourceTree = "<group>"; };
		4A6C23D11DEE5EE200F61CD0 /* FirstViewController.h */ = {isa = PBXFileReference; lastKnownFileType = sourcecode.c.h; path = FirstViewController.h; sourceTree = "<group>"; };
		4A6C23D21DEE5EE200F61CD0 /* FirstViewController.m */ = {isa = PBXFileReference; lastKnownFileType = sourcecode.c.objc; path = FirstViewController.m; sourceTree = "<group>"; };
		4A6C23D41DEE5EE200F61CD0 /* SecondViewController.h */ = {isa = PBXFileReference; lastKnownFileType = sourcecode.c.h; path = SecondViewController.h; sourceTree = "<group>"; };
		4A6C23D51DEE5EE200F61CD0 /* SecondViewController.m */ = {isa = PBXFileReference; lastKnownFileType = sourcecode.c.objc; path = SecondViewController.m; sourceTree = "<group>"; };
		4A6C23D81DEE5EE200F61CD0 /* Base */ = {isa = PBXFileReference; lastKnownFileType = file.storyboard; name = Base; path = Base.lproj/Main.storyboard; sourceTree = "<group>"; };
		4A6C23DA1DEE5EE200F61CD0 /* Assets.xcassets */ = {isa = PBXFileReference; lastKnownFileType = folder.assetcatalog; path = Assets.xcassets; sourceTree = "<group>"; };
		4A6C23DD1DEE5EE200F61CD0 /* Base */ = {isa = PBXFileReference; lastKnownFileType = file.storyboard; name = Base; path = Base.lproj/LaunchScreen.storyboard; sourceTree = "<group>"; };
		4A6C23DF1DEE5EE200F61CD0 /* Info.plist */ = {isa = PBXFileReference; lastKnownFileType = text.plist.xml; path = Info.plist; sourceTree = "<group>"; };
		4A6C23E41DEE5EE300F61CD0 /* wantengTests.xctest */ = {isa = PBXFileReference; explicitFileType = wrapper.cfbundle; includeInIndex = 0; path = wantengTests.xctest; sourceTree = BUILT_PRODUCTS_DIR; };
		4A6C23E81DEE5EE300F61CD0 /* wantengTests.m */ = {isa = PBXFileReference; lastKnownFileType = sourcecode.c.objc; path = wantengTests.m; sourceTree = "<group>"; };
		4A6C23EA1DEE5EE300F61CD0 /* Info.plist */ = {isa = PBXFileReference; lastKnownFileType = text.plist.xml; path = Info.plist; sourceTree = "<group>"; };
		4A6C23EF1DEE5EE300F61CD0 /* wantengUITests.xctest */ = {isa = PBXFileReference; explicitFileType = wrapper.cfbundle; includeInIndex = 0; path = wantengUITests.xctest; sourceTree = BUILT_PRODUCTS_DIR; };
		4A6C23F31DEE5EE300F61CD0 /* wantengUITests.m */ = {isa = PBXFileReference; lastKnownFileType = sourcecode.c.objc; path = wantengUITests.m; sourceTree = "<group>"; };
		4A6C23F51DEE5EE300F61CD0 /* Info.plist */ = {isa = PBXFileReference; lastKnownFileType = text.plist.xml; path = Info.plist; sourceTree = "<group>"; };
		4A6C24091DEECCD700F61CD0 /* LoadingImageview.h */ = {isa = PBXFileReference; fileEncoding = 4; lastKnownFileType = sourcecode.c.h; name = LoadingImageview.h; path = wanteng/LoadingImageview.h; sourceTree = "<group>"; };
		4A6C240A1DEECCD700F61CD0 /* LoadingImageview.m */ = {isa = PBXFileReference; fileEncoding = 4; lastKnownFileType = sourcecode.c.objc; name = LoadingImageview.m; path = wanteng/LoadingImageview.m; sourceTree = "<group>"; };
		4A6C240C1DEED75700F61CD0 /* loading1.gif */ = {isa = PBXFileReference; lastKnownFileType = image.gif; name = loading1.gif; path = wanteng/loading1.gif; sourceTree = "<group>"; };
		4A6C24101DEFC7D400F61CD0 /* UIFont+Extension.h */ = {isa = PBXFileReference; fileEncoding = 4; lastKnownFileType = sourcecode.c.h; name = "UIFont+Extension.h"; path = "wanteng/Categories/UIFont+Extension.h"; sourceTree = "<group>"; };
		4A6C24111DEFC7D400F61CD0 /* UIFont+Extension.m */ = {isa = PBXFileReference; fileEncoding = 4; lastKnownFileType = sourcecode.c.objc; name = "UIFont+Extension.m"; path = "wanteng/Categories/UIFont+Extension.m"; sourceTree = "<group>"; };
		4A6C24121DEFC7D400F61CD0 /* UIImage+Extension.h */ = {isa = PBXFileReference; fileEncoding = 4; lastKnownFileType = sourcecode.c.h; name = "UIImage+Extension.h"; path = "wanteng/Categories/UIImage+Extension.h"; sourceTree = "<group>"; };
		4A6C24131DEFC7D400F61CD0 /* UIImage+Extension.m */ = {isa = PBXFileReference; fileEncoding = 4; lastKnownFileType = sourcecode.c.objc; name = "UIImage+Extension.m"; path = "wanteng/Categories/UIImage+Extension.m"; sourceTree = "<group>"; };
		4A6C24141DEFC7D400F61CD0 /* UIView+Extension.h */ = {isa = PBXFileReference; fileEncoding = 4; lastKnownFileType = sourcecode.c.h; name = "UIView+Extension.h"; path = "wanteng/Categories/UIView+Extension.h"; sourceTree = "<group>"; };
		4A6C24151DEFC7D400F61CD0 /* UIView+Extension.m */ = {isa = PBXFileReference; fileEncoding = 4; lastKnownFileType = sourcecode.c.objc; name = "UIView+Extension.m"; path = "wanteng/Categories/UIView+Extension.m"; sourceTree = "<group>"; };
		656BA6E885A510F140C53C53 /* Pods-wanteng.debug.xcconfig */ = {isa = PBXFileReference; includeInIndex = 1; lastKnownFileType = text.xcconfig; name = "Pods-wanteng.debug.xcconfig"; path = "Pods/Target Support Files/Pods-wanteng/Pods-wanteng.debug.xcconfig"; sourceTree = "<group>"; };
		CD270246228C5811B4F763BC /* libPods-wanteng.a */ = {isa = PBXFileReference; explicitFileType = archive.ar; includeInIndex = 0; path = "libPods-wanteng.a"; sourceTree = BUILT_PRODUCTS_DIR; };
		DBB20D649B4B822A7BCF6750 /* Pods-wanteng.release.xcconfig */ = {isa = PBXFileReference; includeInIndex = 1; lastKnownFileType = text.xcconfig; name = "Pods-wanteng.release.xcconfig"; path = "Pods/Target Support Files/Pods-wanteng/Pods-wanteng.release.xcconfig"; sourceTree = "<group>"; };
/* End PBXFileReference section */

/* Begin PBXFrameworksBuildPhase section */
		4A6C23C51DEE5EE200F61CD0 /* Frameworks */ = {
			isa = PBXFrameworksBuildPhase;
			buildActionMask = 2147483647;
			files = (
				EBDFB6BA839D519CA7D2AC2A /* libPods-wanteng.a in Frameworks */,
			);
			runOnlyForDeploymentPostprocessing = 0;
		};
		4A6C23E11DEE5EE300F61CD0 /* Frameworks */ = {
			isa = PBXFrameworksBuildPhase;
			buildActionMask = 2147483647;
			files = (
			);
			runOnlyForDeploymentPostprocessing = 0;
		};
		4A6C23EC1DEE5EE300F61CD0 /* Frameworks */ = {
			isa = PBXFrameworksBuildPhase;
			buildActionMask = 2147483647;
			files = (
			);
			runOnlyForDeploymentPostprocessing = 0;
		};
/* End PBXFrameworksBuildPhase section */

/* Begin PBXGroup section */
		4676822A71B43F85F223DD3A /* Frameworks */ = {
			isa = PBXGroup;
			children = (
				CD270246228C5811B4F763BC /* libPods-wanteng.a */,
			);
			name = Frameworks;
			sourceTree = "<group>";
		};
		4A6C23BF1DEE5EE200F61CD0 = {
			isa = PBXGroup;
			children = (
				4A6C240C1DEED75700F61CD0 /* loading1.gif */,
				4A6C24081DEECCB700F61CD0 /* ext */,
				4A6C23CA1DEE5EE200F61CD0 /* wanteng */,
				4A6C23E71DEE5EE300F61CD0 /* wantengTests */,
				4A6C23F21DEE5EE300F61CD0 /* wantengUITests */,
				4A6C23C91DEE5EE200F61CD0 /* Products */,
				6FD12729C03F07F9148F5E98 /* Pods */,
				4676822A71B43F85F223DD3A /* Frameworks */,
			);
			sourceTree = "<group>";
		};
		4A6C23C91DEE5EE200F61CD0 /* Products */ = {
			isa = PBXGroup;
			children = (
				4A6C23C81DEE5EE200F61CD0 /* wanteng.app */,
				4A6C23E41DEE5EE300F61CD0 /* wantengTests.xctest */,
				4A6C23EF1DEE5EE300F61CD0 /* wantengUITests.xctest */,
			);
			name = Products;
			sourceTree = "<group>";
		};
		4A6C23CA1DEE5EE200F61CD0 /* wanteng */ = {
			isa = PBXGroup;
			children = (
				4A6C23CE1DEE5EE200F61CD0 /* AppDelegate.h */,
				4A6C23CF1DEE5EE200F61CD0 /* AppDelegate.m */,
				4A6BDE221DF1187200E69F11 /* NewsListCell.h */,
				4A6BDE231DF1187200E69F11 /* NewsListCell.m */,
				4A6BDE241DF1187200E69F11 /* NewsListCell.xib */,
				4A6C23D11DEE5EE200F61CD0 /* FirstViewController.h */,
				4A6C23D21DEE5EE200F61CD0 /* FirstViewController.m */,
				4A6C23D41DEE5EE200F61CD0 /* SecondViewController.h */,
				4A6C23D51DEE5EE200F61CD0 /* SecondViewController.m */,
				4A490E0E1DF693F200CF1E6A /* SecondCollectionViewCell.h */,
				4A490E0F1DF693F200CF1E6A /* SecondCollectionViewCell.m */,
				4A490E101DF693F200CF1E6A /* SecondCollectionViewCell.xib */,
				4A490E131DF7C1EA00CF1E6A /* ThirdViewController.h */,
				4A490E141DF7C1EA00CF1E6A /* ThirdViewController.m */,
				4A23DFF41DF5420200D57BC0 /* ContentViewController.h */,
				4A23DFF51DF5420200D57BC0 /* ContentViewController.m */,
				4A23DFF61DF5420200D57BC0 /* ContentViewController.xib */,
				4A6C23D71DEE5EE200F61CD0 /* Main.storyboard */,
				4A6C23DA1DEE5EE200F61CD0 /* Assets.xcassets */,
				4A6C23DC1DEE5EE200F61CD0 /* LaunchScreen.storyboard */,
				4A6C23DF1DEE5EE200F61CD0 /* Info.plist */,
				4A6C23CB1DEE5EE200F61CD0 /* Supporting Files */,
			);
			path = wanteng;
			sourceTree = "<group>";
		};
		4A6C23CB1DEE5EE200F61CD0 /* Supporting Files */ = {
			isa = PBXGroup;
			children = (
				4A6C23CC1DEE5EE200F61CD0 /* main.m */,
			);
			name = "Supporting Files";
			sourceTree = "<group>";
		};
		4A6C23E71DEE5EE300F61CD0 /* wantengTests */ = {
			isa = PBXGroup;
			children = (
				4A6C23E81DEE5EE300F61CD0 /* wantengTests.m */,
				4A6C23EA1DEE5EE300F61CD0 /* Info.plist */,
			);
			path = wantengTests;
			sourceTree = "<group>";
		};
		4A6C23F21DEE5EE300F61CD0 /* wantengUITests */ = {
			isa = PBXGroup;
			children = (
				4A6C23F31DEE5EE300F61CD0 /* wantengUITests.m */,
				4A6C23F51DEE5EE300F61CD0 /* Info.plist */,
			);
			path = wantengUITests;
			sourceTree = "<group>";
		};
		4A6C24081DEECCB700F61CD0 /* ext */ = {
			isa = PBXGroup;
			children = (
				4A6C24101DEFC7D400F61CD0 /* UIFont+Extension.h */,
				4A6C24111DEFC7D400F61CD0 /* UIFont+Extension.m */,
				4A6C24121DEFC7D400F61CD0 /* UIImage+Extension.h */,
				4A6C24131DEFC7D400F61CD0 /* UIImage+Extension.m */,
				4A6C24141DEFC7D400F61CD0 /* UIView+Extension.h */,
				4A6C24151DEFC7D400F61CD0 /* UIView+Extension.m */,
				4A6C24091DEECCD700F61CD0 /* LoadingImageview.h */,
				4A6C240A1DEECCD700F61CD0 /* LoadingImageview.m */,
				4A23DFF91DF54FA100D57BC0 /* TransDate.h */,
				4A23DFFA1DF54FA100D57BC0 /* TransDate.m */,
				4A490E0B1DF6476800CF1E6A /* NetWork.h */,
				4A490E0C1DF6476800CF1E6A /* NetWork.m */,
			);
			name = ext;
			sourceTree = "<group>";
		};
		6FD12729C03F07F9148F5E98 /* Pods */ = {
			isa = PBXGroup;
			children = (
				656BA6E885A510F140C53C53 /* Pods-wanteng.debug.xcconfig */,
				DBB20D649B4B822A7BCF6750 /* Pods-wanteng.release.xcconfig */,
			);
			name = Pods;
			sourceTree = "<group>";
		};
/* End PBXGroup section */

/* Begin PBXNativeTarget section */
		4A6C23C71DEE5EE200F61CD0 /* wanteng */ = {
			isa = PBXNativeTarget;
			buildConfigurationList = 4A6C23F81DEE5EE300F61CD0 /* Build configuration list for PBXNativeTarget "wanteng" */;
			buildPhases = (
				8BE18B9C71E9E96DDFBD759F /* [CP] Check Pods Manifest.lock */,
				4A6C23C41DEE5EE200F61CD0 /* Sources */,
				4A6C23C51DEE5EE200F61CD0 /* Frameworks */,
				4A6C23C61DEE5EE200F61CD0 /* Resources */,
				FD1BFCD247E80B85BD22DD27 /* [CP] Embed Pods Frameworks */,
				227692C25BD3664D0690B6B9 /* [CP] Copy Pods Resources */,
			);
			buildRules = (
			);
			dependencies = (
			);
			name = wanteng;
			productName = wanteng;
			productReference = 4A6C23C81DEE5EE200F61CD0 /* wanteng.app */;
			productType = "com.apple.product-type.application";
		};
		4A6C23E31DEE5EE300F61CD0 /* wantengTests */ = {
			isa = PBXNativeTarget;
			buildConfigurationList = 4A6C23FB1DEE5EE300F61CD0 /* Build configuration list for PBXNativeTarget "wantengTests" */;
			buildPhases = (
				4A6C23E01DEE5EE300F61CD0 /* Sources */,
				4A6C23E11DEE5EE300F61CD0 /* Frameworks */,
				4A6C23E21DEE5EE300F61CD0 /* Resources */,
			);
			buildRules = (
			);
			dependencies = (
				4A6C23E61DEE5EE300F61CD0 /* PBXTargetDependency */,
			);
			name = wantengTests;
			productName = wantengTests;
			productReference = 4A6C23E41DEE5EE300F61CD0 /* wantengTests.xctest */;
			productType = "com.apple.product-type.bundle.unit-test";
		};
		4A6C23EE1DEE5EE300F61CD0 /* wantengUITests */ = {
			isa = PBXNativeTarget;
			buildConfigurationList = 4A6C23FE1DEE5EE300F61CD0 /* Build configuration list for PBXNativeTarget "wantengUITests" */;
			buildPhases = (
				4A6C23EB1DEE5EE300F61CD0 /* Sources */,
				4A6C23EC1DEE5EE300F61CD0 /* Frameworks */,
				4A6C23ED1DEE5EE300F61CD0 /* Resources */,
			);
			buildRules = (
			);
			dependencies = (
				4A6C23F11DEE5EE300F61CD0 /* PBXTargetDependency */,
			);
			name = wantengUITests;
			productName = wantengUITests;
			productReference = 4A6C23EF1DEE5EE300F61CD0 /* wantengUITests.xctest */;
			productType = "com.apple.product-type.bundle.ui-testing";
		};
/* End PBXNativeTarget section */

/* Begin PBXProject section */
		4A6C23C01DEE5EE200F61CD0 /* Project object */ = {
			isa = PBXProject;
			attributes = {
				LastUpgradeCheck = 0810;
				ORGANIZATIONNAME = com.wanteng;
				TargetAttributes = {
					4A6C23C71DEE5EE200F61CD0 = {
						CreatedOnToolsVersion = 8.1;
						DevelopmentTeam = TEPB3LJJA6;
						ProvisioningStyle = Automatic;
					};
					4A6C23E31DEE5EE300F61CD0 = {
						CreatedOnToolsVersion = 8.1;
						ProvisioningStyle = Automatic;
						TestTargetID = 4A6C23C71DEE5EE200F61CD0;
					};
					4A6C23EE1DEE5EE300F61CD0 = {
						CreatedOnToolsVersion = 8.1;
						ProvisioningStyle = Automatic;
						TestTargetID = 4A6C23C71DEE5EE200F61CD0;
					};
				};
			};
			buildConfigurationList = 4A6C23C31DEE5EE200F61CD0 /* Build configuration list for PBXProject "wanteng" */;
			compatibilityVersion = "Xcode 3.2";
			developmentRegion = English;
			hasScannedForEncodings = 0;
			knownRegions = (
				en,
				Base,
			);
			mainGroup = 4A6C23BF1DEE5EE200F61CD0;
			productRefGroup = 4A6C23C91DEE5EE200F61CD0 /* Products */;
			projectDirPath = "";
			projectRoot = "";
			targets = (
				4A6C23C71DEE5EE200F61CD0 /* wanteng */,
				4A6C23E31DEE5EE300F61CD0 /* wantengTests */,
				4A6C23EE1DEE5EE300F61CD0 /* wantengUITests */,
			);
		};
/* End PBXProject section */

/* Begin PBXResourcesBuildPhase section */
		4A6C23C61DEE5EE200F61CD0 /* Resources */ = {
			isa = PBXResourcesBuildPhase;
			buildActionMask = 2147483647;
			files = (
				4A6C23DE1DEE5EE200F61CD0 /* LaunchScreen.storyboard in Resources */,
				4A490E121DF693F200CF1E6A /* SecondCollectionViewCell.xib in Resources */,
				4A6BDE261DF1187200E69F11 /* NewsListCell.xib in Resources */,
				4A23DFF81DF5420200D57BC0 /* ContentViewController.xib in Resources */,
				4A6C23DB1DEE5EE200F61CD0 /* Assets.xcassets in Resources */,
				4A6C23D91DEE5EE200F61CD0 /* Main.storyboard in Resources */,
				4A6C240D1DEED75700F61CD0 /* loading1.gif in Resources */,
			);
			runOnlyForDeploymentPostprocessing = 0;
		};
		4A6C23E21DEE5EE300F61CD0 /* Resources */ = {
			isa = PBXResourcesBuildPhase;
			buildActionMask = 2147483647;
			files = (
			);
			runOnlyForDeploymentPostprocessing = 0;
		};
		4A6C23ED1DEE5EE300F61CD0 /* Resources */ = {
			isa = PBXResourcesBuildPhase;
			buildActionMask = 2147483647;
			files = (
			);
			runOnlyForDeploymentPostprocessing = 0;
		};
/* End PBXResourcesBuildPhase section */

/* Begin PBXShellScriptBuildPhase section */
		227692C25BD3664D0690B6B9 /* [CP] Copy Pods Resources */ = {
			isa = PBXShellScriptBuildPhase;
			buildActionMask = 2147483647;
			files = (
			);
			inputPaths = (
			);
			name = "[CP] Copy Pods Resources";
			outputPaths = (
			);
			runOnlyForDeploymentPostprocessing = 0;
			shellPath = /bin/sh;
			shellScript = "\"${SRCROOT}/Pods/Target Support Files/Pods-wanteng/Pods-wanteng-resources.sh\"\n";
			showEnvVarsInLog = 0;
		};
		8BE18B9C71E9E96DDFBD759F /* [CP] Check Pods Manifest.lock */ = {
			isa = PBXShellScriptBuildPhase;
			buildActionMask = 2147483647;
			files = (
			);
			inputPaths = (
			);
			name = "[CP] Check Pods Manifest.lock";
			outputPaths = (
			);
			runOnlyForDeploymentPostprocessing = 0;
			shellPath = /bin/sh;
			shellScript = "diff \"${PODS_ROOT}/../Podfile.lock\" \"${PODS_ROOT}/Manifest.lock\" > /dev/null\nif [ $? != 0 ] ; then\n    # print error to STDERR\n    echo \"error: The sandbox is not in sync with the Podfile.lock. Run 'pod install' or update your CocoaPods installation.\" >&2\n    exit 1\nfi\n";
			showEnvVarsInLog = 0;
		};
		FD1BFCD247E80B85BD22DD27 /* [CP] Embed Pods Frameworks */ = {
			isa = PBXShellScriptBuildPhase;
			buildActionMask = 2147483647;
			files = (
			);
			inputPaths = (
			);
			name = "[CP] Embed Pods Frameworks";
			outputPaths = (
			);
			runOnlyForDeploymentPostprocessing = 0;
			shellPath = /bin/sh;
			shellScript = "\"${SRCROOT}/Pods/Target Support Files/Pods-wanteng/Pods-wanteng-frameworks.sh\"\n";
			showEnvVarsInLog = 0;
		};
/* End PBXShellScriptBuildPhase section */

/* Begin PBXSourcesBuildPhase section */
		4A6C23C41DEE5EE200F61CD0 /* Sources */ = {
			isa = PBXSourcesBuildPhase;
			buildActionMask = 2147483647;
			files = (
				4A6C24191DEFC7D500F61CD0 /* UIView+Extension.m in Sources */,
				4A6C23D61DEE5EE200F61CD0 /* SecondViewController.m in Sources */,
				4A6BDE251DF1187200E69F11 /* NewsListCell.m in Sources */,
				4A490E111DF693F200CF1E6A /* SecondCollectionViewCell.m in Sources */,
				4A6C23D01DEE5EE200F61CD0 /* AppDelegate.m in Sources */,
				4A23DFFB1DF54FA100D57BC0 /* TransDate.m in Sources */,
				4A490E151DF7C1EA00CF1E6A /* ThirdViewController.m in Sources */,
				4A6C23D31DEE5EE200F61CD0 /* FirstViewController.m in Sources */,
				4A6C240B1DEECCD700F61CD0 /* LoadingImageview.m in Sources */,
				4A23DFF71DF5420200D57BC0 /* ContentViewController.m in Sources */,
				4A6C24171DEFC7D500F61CD0 /* UIFont+Extension.m in Sources */,
				4A6C23CD1DEE5EE200F61CD0 /* main.m in Sources */,
				4A490E0D1DF6476800CF1E6A /* NetWork.m in Sources */,
				4A6C24181DEFC7D500F61CD0 /* UIImage+Extension.m in Sources */,
			);
			runOnlyForDeploymentPostprocessing = 0;
		};
		4A6C23E01DEE5EE300F61CD0 /* Sources */ = {
			isa = PBXSourcesBuildPhase;
			buildActionMask = 2147483647;
			files = (
				4A6C23E91DEE5EE300F61CD0 /* wantengTests.m in Sources */,
			);
			runOnlyForDeploymentPostprocessing = 0;
		};
		4A6C23EB1DEE5EE300F61CD0 /* Sources */ = {
			isa = PBXSourcesBuildPhase;
			buildActionMask = 2147483647;
			files = (
				4A6C23F41DEE5EE300F61CD0 /* wantengUITests.m in Sources */,
			);
			runOnlyForDeploymentPostprocessing = 0;
		};
/* End PBXSourcesBuildPhase section */

/* Begin PBXTargetDependency section */
		4A6C23E61DEE5EE300F61CD0 /* PBXTargetDependency */ = {
			isa = PBXTargetDependency;
			target = 4A6C23C71DEE5EE200F61CD0 /* wanteng */;
			targetProxy = 4A6C23E51DEE5EE300F61CD0 /* PBXContainerItemProxy */;
		};
		4A6C23F11DEE5EE300F61CD0 /* PBXTargetDependency */ = {
			isa = PBXTargetDependency;
			target = 4A6C23C71DEE5EE200F61CD0 /* wanteng */;
			targetProxy = 4A6C23F01DEE5EE300F61CD0 /* PBXContainerItemProxy */;
		};
/* End PBXTargetDependency section */

/* Begin PBXVariantGroup section */
		4A6C23D71DEE5EE200F61CD0 /* Main.storyboard */ = {
			isa = PBXVariantGroup;
			children = (
				4A6C23D81DEE5EE200F61CD0 /* Base */,
			);
			name = Main.storyboard;
			sourceTree = "<group>";
		};
		4A6C23DC1DEE5EE200F61CD0 /* LaunchScreen.storyboard */ = {
			isa = PBXVariantGroup;
			children = (
				4A6C23DD1DEE5EE200F61CD0 /* Base */,
			);
			name = LaunchScreen.storyboard;
			sourceTree = "<group>";
		};
/* End PBXVariantGroup section */

/* Begin XCBuildConfiguration section */
		4A6C23F61DEE5EE300F61CD0 /* Debug */ = {
			isa = XCBuildConfiguration;
			buildSettings = {
				ALWAYS_SEARCH_USER_PATHS = NO;
				CLANG_ANALYZER_NONNULL = YES;
				CLANG_CXX_LANGUAGE_STANDARD = "gnu++0x";
				CLANG_CXX_LIBRARY = "libc++";
				CLANG_ENABLE_MODULES = YES;
				CLANG_ENABLE_OBJC_ARC = YES;
				CLANG_WARN_BOOL_CONVERSION = YES;
				CLANG_WARN_CONSTANT_CONVERSION = YES;
				CLANG_WARN_DIRECT_OBJC_ISA_USAGE = YES_ERROR;
				CLANG_WARN_DOCUMENTATION_COMMENTS = YES;
				CLANG_WARN_EMPTY_BODY = YES;
				CLANG_WARN_ENUM_CONVERSION = YES;
				CLANG_WARN_INFINITE_RECURSION = YES;
				CLANG_WARN_INT_CONVERSION = YES;
				CLANG_WARN_OBJC_ROOT_CLASS = YES_ERROR;
				CLANG_WARN_SUSPICIOUS_MOVES = YES;
				CLANG_WARN_UNREACHABLE_CODE = YES;
				CLANG_WARN__DUPLICATE_METHOD_MATCH = YES;
				"CODE_SIGN_IDENTITY[sdk=iphoneos*]" = "iPhone Developer";
				COPY_PHASE_STRIP = NO;
				DEBUG_INFORMATION_FORMAT = dwarf;
				ENABLE_STRICT_OBJC_MSGSEND = YES;
				ENABLE_TESTABILITY = YES;
				GCC_C_LANGUAGE_STANDARD = gnu99;
				GCC_DYNAMIC_NO_PIC = NO;
				GCC_NO_COMMON_BLOCKS = YES;
				GCC_OPTIMIZATION_LEVEL = 0;
				GCC_PREPROCESSOR_DEFINITIONS = (
					"DEBUG=1",
					"$(inherited)",
				);
				GCC_WARN_64_TO_32_BIT_CONVERSION = YES;
				GCC_WARN_ABOUT_RETURN_TYPE = YES_ERROR;
				GCC_WARN_UNDECLARED_SELECTOR = YES;
				GCC_WARN_UNINITIALIZED_AUTOS = YES_AGGRESSIVE;
				GCC_WARN_UNUSED_FUNCTION = YES;
				GCC_WARN_UNUSED_VARIABLE = YES;
				IPHONEOS_DEPLOYMENT_TARGET = 10.1;
				MTL_ENABLE_DEBUG_INFO = YES;
				ONLY_ACTIVE_ARCH = YES;
				SDKROOT = iphoneos;
			};
			name = Debug;
		};
		4A6C23F71DEE5EE300F61CD0 /* Release */ = {
			isa = XCBuildConfiguration;
			buildSettings = {
				ALWAYS_SEARCH_USER_PATHS = NO;
				CLANG_ANALYZER_NONNULL = YES;
				CLANG_CXX_LANGUAGE_STANDARD = "gnu++0x";
				CLANG_CXX_LIBRARY = "libc++";
				CLANG_ENABLE_MODULES = YES;
				CLANG_ENABLE_OBJC_ARC = YES;
				CLANG_WARN_BOOL_CONVERSION = YES;
				CLANG_WARN_CONSTANT_CONVERSION = YES;
				CLANG_WARN_DIRECT_OBJC_ISA_USAGE = YES_ERROR;
				CLANG_WARN_DOCUMENTATION_COMMENTS = YES;
				CLANG_WARN_EMPTY_BODY = YES;
				CLANG_WARN_ENUM_CONVERSION = YES;
				CLANG_WARN_INFINITE_RECURSION = YES;
				CLANG_WARN_INT_CONVERSION = YES;
				CLANG_WARN_OBJC_ROOT_CLASS = YES_ERROR;
				CLANG_WARN_SUSPICIOUS_MOVES = YES;
				CLANG_WARN_UNREACHABLE_CODE = YES;
				CLANG_WARN__DUPLICATE_METHOD_MATCH = YES;
				"CODE_SIGN_IDENTITY[sdk=iphoneos*]" = "iPhone Developer";
				COPY_PHASE_STRIP = NO;
				DEBUG_INFORMATION_FORMAT = "dwarf-with-dsym";
				ENABLE_NS_ASSERTIONS = NO;
				ENABLE_STRICT_OBJC_MSGSEND = YES;
				GCC_C_LANGUAGE_STANDARD = gnu99;
				GCC_NO_COMMON_BLOCKS = YES;
				GCC_WARN_64_TO_32_BIT_CONVERSION = YES;
				GCC_WARN_ABOUT_RETURN_TYPE = YES_ERROR;
				GCC_WARN_UNDECLARED_SELECTOR = YES;
				GCC_WARN_UNINITIALIZED_AUTOS = YES_AGGRESSIVE;
				GCC_WARN_UNUSED_FUNCTION = YES;
				GCC_WARN_UNUSED_VARIABLE = YES;
				IPHONEOS_DEPLOYMENT_TARGET = 10.1;
				MTL_ENABLE_DEBUG_INFO = NO;
				SDKROOT = iphoneos;
				VALIDATE_PRODUCT = YES;
			};
			name = Release;
		};
		4A6C23F91DEE5EE300F61CD0 /* Debug */ = {
			isa = XCBuildConfiguration;
			baseConfigurationReference = 656BA6E885A510F140C53C53 /* Pods-wanteng.debug.xcconfig */;
			buildSettings = {
				ASSETCATALOG_COMPILER_APPICON_NAME = AppIcon;
				DEVELOPMENT_TEAM = TEPB3LJJA6;
				GCC_PRECOMPILE_PREFIX_HEADER = YES;
				GCC_PREFIX_HEADER = PrefixHeader.pch;
				INFOPLIST_FILE = wanteng/Info.plist;
				IPHONEOS_DEPLOYMENT_TARGET = 8.0;
				LD_RUNPATH_SEARCH_PATHS = "$(inherited) @executable_path/Frameworks";
				PRODUCT_BUNDLE_IDENTIFIER = com.chengqu.wanteng;
				PRODUCT_NAME = "$(TARGET_NAME)";
			};
			name = Debug;
		};
		4A6C23FA1DEE5EE300F61CD0 /* Release */ = {
			isa = XCBuildConfiguration;
			baseConfigurationReference = DBB20D649B4B822A7BCF6750 /* Pods-wanteng.release.xcconfig */;
			buildSettings = {
				ASSETCATALOG_COMPILER_APPICON_NAME = AppIcon;
				DEVELOPMENT_TEAM = TEPB3LJJA6;
				GCC_PRECOMPILE_PREFIX_HEADER = YES;
				GCC_PREFIX_HEADER = PrefixHeader.pch;
				INFOPLIST_FILE = wanteng/Info.plist;
				IPHONEOS_DEPLOYMENT_TARGET = 8.0;
				LD_RUNPATH_SEARCH_PATHS = "$(inherited) @executable_path/Frameworks";
				PRODUCT_BUNDLE_IDENTIFIER = com.chengqu.wanteng;
				PRODUCT_NAME = "$(TARGET_NAME)";
			};
			name = Release;
		};
		4A6C23FC1DEE5EE300F61CD0 /* Debug */ = {
			isa = XCBuildConfiguration;
			buildSettings = {
				BUNDLE_LOADER = "$(TEST_HOST)";
				INFOPLIST_FILE = wantengTests/Info.plist;
				LD_RUNPATH_SEARCH_PATHS = "$(inherited) @executable_path/Frameworks @loader_path/Frameworks";
				PRODUCT_BUNDLE_IDENTIFIER = com.chengqu.wantengTests;
				PRODUCT_NAME = "$(TARGET_NAME)";
				TEST_HOST = "$(BUILT_PRODUCTS_DIR)/wanteng.app/wanteng";
			};
			name = Debug;
		};
		4A6C23FD1DEE5EE300F61CD0 /* Release */ = {
			isa = XCBuildConfiguration;
			buildSettings = {
				BUNDLE_LOADER = "$(TEST_HOST)";
				INFOPLIST_FILE = wantengTests/Info.plist;
				LD_RUNPATH_SEARCH_PATHS = "$(inherited) @executable_path/Frameworks @loader_path/Frameworks";
				PRODUCT_BUNDLE_IDENTIFIER = com.chengqu.wantengTests;
				PRODUCT_NAME = "$(TARGET_NAME)";
				TEST_HOST = "$(BUILT_PRODUCTS_DIR)/wanteng.app/wanteng";
			};
			name = Release;
		};
		4A6C23FF1DEE5EE300F61CD0 /* Debug */ = {
			isa = XCBuildConfiguration;
			buildSettings = {
				INFOPLIST_FILE = wantengUITests/Info.plist;
				LD_RUNPATH_SEARCH_PATHS = "$(inherited) @executable_path/Frameworks @loader_path/Frameworks";
				PRODUCT_BUNDLE_IDENTIFIER = com.chengqu.wantengUITests;
				PRODUCT_NAME = "$(TARGET_NAME)";
				TEST_TARGET_NAME = wanteng;
			};
			name = Debug;
		};
		4A6C24001DEE5EE300F61CD0 /* Release */ = {
			isa = XCBuildConfiguration;
			buildSettings = {
				INFOPLIST_FILE = wantengUITests/Info.plist;
				LD_RUNPATH_SEARCH_PATHS = "$(inherited) @executable_path/Frameworks @loader_path/Frameworks";
				PRODUCT_BUNDLE_IDENTIFIER = com.chengqu.wantengUITests;
				PRODUCT_NAME = "$(TARGET_NAME)";
				TEST_TARGET_NAME = wanteng;
			};
			name = Release;
		};
/* End XCBuildConfiguration section */

/* Begin XCConfigurationList section */
		4A6C23C31DEE5EE200F61CD0 /* Build configuration list for PBXProject "wanteng" */ = {
			isa = XCConfigurationList;
			buildConfigurations = (
				4A6C23F61DEE5EE300F61CD0 /* Debug */,
				4A6C23F71DEE5EE300F61CD0 /* Release */,
			);
			defaultConfigurationIsVisible = 0;
			defaultConfigurationName = Release;
		};
		4A6C23F81DEE5EE300F61CD0 /* Build configuration list for PBXNativeTarget "wanteng" */ = {
			isa = XCConfigurationList;
			buildConfigurations = (
				4A6C23F91DEE5EE300F61CD0 /* Debug */,
				4A6C23FA1DEE5EE300F61CD0 /* Release */,
			);
			defaultConfigurationIsVisible = 0;
			defaultConfigurationName = Release;
		};
		4A6C23FB1DEE5EE300F61CD0 /* Build configuration list for PBXNativeTarget "wantengTests" */ = {
			isa = XCConfigurationList;
			buildConfigurations = (
				4A6C23FC1DEE5EE300F61CD0 /* Debug */,
				4A6C23FD1DEE5EE300F61CD0 /* Release */,
			);
			defaultConfigurationIsVisible = 0;
			defaultConfigurationName = Release;
		};
		4A6C23FE1DEE5EE300F61CD0 /* Build configuration list for PBXNativeTarget "wantengUITests" */ = {
			isa = XCConfigurationList;
			buildConfigurations = (
				4A6C23FF1DEE5EE300F61CD0 /* Debug */,
				4A6C24001DEE5EE300F61CD0 /* Release */,
			);
			defaultConfigurationIsVisible = 0;
			defaultConfigurationName = Release;
		};
/* End XCConfigurationList section */
	};
	rootObject = 4A6C23C01DEE5EE200F61CD0 /* Project object */;
}
