// !$*UTF8*$!
{
	archiveVersion = 1;
	classes = {
	};
	objectVersion = 46;
	objects = {

/* Begin PBXBuildFile section */
		4A6C23CD1DEE5EE200F61CD0 /* main.m in Sources */ = {isa = PBXBuildFile; fileRef = 4A6C23CC1DEE5EE200F61CD0 /* main.m */; };
		4A6C23D01DEE5EE200F61CD0 /* AppDelegate.m in Sources */ = {isa = PBXBuildFile; fileRef = 4A6C23CF1DEE5EE200F61CD0 /* AppDelegate.m */; };
		4A6C23D31DEE5EE200F61CD0 /* FirstViewController.m in Sources */ = {isa = PBXBuildFile; fileRef = 4A6C23D21DEE5EE200F61CD0 /* FirstViewController.m */; };
		4A6C23D61DEE5EE200F61CD0 /* SecondViewController.m in Sources */ = {isa = PBXBuildFile; fileRef = 4A6C23D51DEE5EE200F61CD0 /* SecondViewController.m */; };
		4A6C23D91DEE5EE200F61CD0 /* Main.storyboard in Resources */ = {isa = PBXBuildFile; fileRef = 4A6C23D71DEE5EE200F61CD0 /* Main.storyboard */; };
		4A6C23DB1DEE5EE200F61CD0 /* Assets.xcassets in Resources */ = {isa = PBXBuildFile; fileRef = 4A6C23DA1DEE5EE200F61CD0 /* Assets.xcassets */; };
		4A6C23DE1DEE5EE200F61CD0 /* LaunchScreen.storyboard in Resources */ = {isa = PBXBuildFile; fileRef = 4A6C23DC1DEE5EE200F61CD0 /* LaunchScreen.storyboard */; };
		4A6C23E91DEE5EE300F61CD0 /* wantengTests.m in Sources */ = {isa = PBXBuildFile; fileRef = 4A6C23E81DEE5EE300F61CD0 /* wantengTests.m */; };
		4A6C23F41DEE5EE300F61CD0 /* wantengUITests.m in Sources */ = {isa = PBXBuildFile; fileRef = 4A6C23F31DEE5EE300F61CD0 /* wantengUITests.m */; };
/* End PBXBuildFile section */

/* Begin PBXContainerItemProxy section */
		4A6C23E51DEE5EE300F61CD0 /* PBXContainerItemProxy */ = {
			isa = PBXContainerItemProxy;
			containerPortal = 4A6C23C01DEE5EE200F61CD0 /* Project object */;
			proxyType = 1;
			remoteGlobalIDString = 4A6C23C71DEE5EE200F61CD0;
			remoteInfo = wanteng;
		};
		4A6C23F01DEE5EE300F61CD0 /* PBXContainerItemProxy */ = {
			isa = PBXContainerItemProxy;
			containerPortal = 4A6C23C01DEE5EE200F61CD0 /* Project object */;
			proxyType = 1;
			remoteGlobalIDString = 4A6C23C71DEE5EE200F61CD0;
			remoteInfo = wanteng;
		};
/* End PBXContainerItemProxy section */

/* Begin PBXFileReference section */
		4A6C23C81DEE5EE200F61CD0 /* wanteng.app */ = {isa = PBXFileReference; explicitFileType = wrapper.application; includeInIndex = 0; path = wanteng.app; sourceTree = BUILT_PRODUCTS_DIR; };
		4A6C23CC1DEE5EE200F61CD0 /* main.m */ = {isa = PBXFileReference; lastKnownFileType = sourcecode.c.objc; path = main.m; sourceTree = "<group>"; };
		4A6C23CE1DEE5EE200F61CD0 /* AppDelegate.h */ = {isa = PBXFileReference; lastKnownFileType = sourcecode.c.h; path = AppDelegate.h; sourceTree = "<group>"; };
		4A6C23CF1DEE5EE200F61CD0 /* AppDelegate.m */ = {isa = PBXFileReference; lastKnownFileType = sourcecode.c.objc; path = AppDelegate.m; sourceTree = "<group>"; };
		4A6C23D11DEE5EE200F61CD0 /* FirstViewController.h */ = {isa = PBXFileReference; lastKnownFileType = sourcecode.c.h; path = FirstViewController.h; sourceTree = "<group>"; };
		4A6C23D21DEE5EE200F61CD0 /* FirstViewController.m */ = {isa = PBXFileReference; lastKnownFileType = sourcecode.c.objc; path = FirstViewController.m; sourceTree = "<group>"; };
		4A6C23D41DEE5EE200F61CD0 /* SecondViewController.h */ = {isa = PBXFileReference; lastKnownFileType = sourcecode.c.h; path = SecondViewController.h; sourceTree = "<group>"; };
		4A6C23D51DEE5EE200F61CD0 /* SecondViewController.m */ = {isa = PBXFileReference; lastKnownFileType = sourcecode.c.objc; path = SecondViewController.m; sourceTree = "<group>"; };
		4A6C23D81DEE5EE200F61CD0 /* Base */ = {isa = PBXFileReference; lastKnownFileType = file.storyboard; name = Base; path = Base.lproj/Main.storyboard; sourceTree = "<group>"; };
		4A6C23DA1DEE5EE200F61CD0 /* Assets.xcassets */ = {isa = PBXFileReference; lastKnownFileType = folder.assetcatalog; path = Assets.xcassets; sourceTree = "<group>"; };
		4A6C23DD1DEE5EE200F61CD0 /* Base */ = {isa = PBXFileReference; lastKnownFileType = file.storyboard; name = Base; path = Base.lproj/LaunchScreen.storyboard; sourceTree = "<group>"; };
		4A6C23DF1DEE5EE200F61CD0 /* Info.plist */ = {isa = PBXFileReference; lastKnownFileType = text.plist.xml; path = Info.plist; sourceTree = "<group>"; };
		4A6C23E41DEE5EE300F61CD0 /* wantengTests.xctest */ = {isa = PBXFileReference; explicitFileType = wrapper.cfbundle; includeInIndex = 0; path = wantengTests.xctest; sourceTree = BUILT_PRODUCTS_DIR; };
		4A6C23E81DEE5EE300F61CD0 /* wantengTests.m */ = {isa = PBXFileReference; lastKnownFileType = sourcecode.c.objc; path = wantengTests.m; sourceTree = "<group>"; };
		4A6C23EA1DEE5EE300F61CD0 /* Info.plist */ = {isa = PBXFileReference; lastKnownFileType = text.plist.xml; path = Info.plist; sourceTree = "<group>"; };
		4A6C23EF1DEE5EE300F61CD0 /* wantengUITests.xctest */ = {isa = PBXFileReference; explicitFileType = wrapper.cfbundle; includeInIndex = 0; path = wantengUITests.xctest; sourceTree = BUILT_PRODUCTS_DIR; };
		4A6C23F31DEE5EE300F61CD0 /* wantengUITests.m */ = {isa = PBXFileReference; lastKnownFileType = sourcecode.c.objc; path = wantengUITests.m; sourceTree = "<group>"; };
		4A6C23F51DEE5EE300F61CD0 /* Info.plist */ = {isa = PBXFileReference; lastKnownFileType = text.plist.xml; path = Info.plist; sourceTree = "<group>"; };
/* End PBXFileReference section */

/* Begin PBXFrameworksBuildPhase section */
		4A6C23C51DEE5EE200F61CD0 /* Frameworks */ = {
			isa = PBXFrameworksBuildPhase;
			buildActionMask = 2147483647;
			files = (
			);
			runOnlyForDeploymentPostprocessing = 0;
		};
		4A6C23E11DEE5EE300F61CD0 /* Frameworks */ = {
			isa = PBXFrameworksBuildPhase;
			buildActionMask = 2147483647;
			files = (
			);
			runOnlyForDeploymentPostprocessing = 0;
		};
		4A6C23EC1DEE5EE300F61CD0 /* Frameworks */ = {
			isa = PBXFrameworksBuildPhase;
			buildActionMask = 2147483647;
			files = (
			);
			runOnlyForDeploymentPostprocessing = 0;
		};
/* End PBXFrameworksBuildPhase section */

/* Begin PBXGroup section */
		4A6C23BF1DEE5EE200F61CD0 = {
			isa = PBXGroup;
			children = (
				4A6C23CA1DEE5EE200F61CD0 /* wanteng */,
				4A6C23E71DEE5EE300F61CD0 /* wantengTests */,
				4A6C23F21DEE5EE300F61CD0 /* wantengUITests */,
				4A6C23C91DEE5EE200F61CD0 /* Products */,
			);
			sourceTree = "<group>";
		};
		4A6C23C91DEE5EE200F61CD0 /* Products */ = {
			isa = PBXGroup;
			children = (
				4A6C23C81DEE5EE200F61CD0 /* wanteng.app */,
				4A6C23E41DEE5EE300F61CD0 /* wantengTests.xctest */,
				4A6C23EF1DEE5EE300F61CD0 /* wantengUITests.xctest */,
			);
			name = Products;
			sourceTree = "<group>";
		};
		4A6C23CA1DEE5EE200F61CD0 /* wanteng */ = {
			isa = PBXGroup;
			children = (
				4A6C23CE1DEE5EE200F61CD0 /* AppDelegate.h */,
				4A6C23CF1DEE5EE200F61CD0 /* AppDelegate.m */,
				4A6C23D11DEE5EE200F61CD0 /* FirstViewController.h */,
				4A6C23D21DEE5EE200F61CD0 /* FirstViewController.m */,
				4A6C23D41DEE5EE200F61CD0 /* SecondViewController.h */,
				4A6C23D51DEE5EE200F61CD0 /* SecondViewController.m */,
				4A6C23D71DEE5EE200F61CD0 /* Main.storyboard */,
				4A6C23DA1DEE5EE200F61CD0 /* Assets.xcassets */,
				4A6C23DC1DEE5EE200F61CD0 /* LaunchScreen.storyboard */,
				4A6C23DF1DEE5EE200F61CD0 /* Info.plist */,
				4A6C23CB1DEE5EE200F61CD0 /* Supporting Files */,
			);
			path = wanteng;
			sourceTree = "<group>";
		};
		4A6C23CB1DEE5EE200F61CD0 /* Supporting Files */ = {
			isa = PBXGroup;
			children = (
				4A6C23CC1DEE5EE200F61CD0 /* main.m */,
			);
			name = "Supporting Files";
			sourceTree = "<group>";
		};
		4A6C23E71DEE5EE300F61CD0 /* wantengTests */ = {
			isa = PBXGroup;
			children = (
				4A6C23E81DEE5EE300F61CD0 /* wantengTests.m */,
				4A6C23EA1DEE5EE300F61CD0 /* Info.plist */,
			);
			path = wantengTests;
			sourceTree = "<group>";
		};
		4A6C23F21DEE5EE300F61CD0 /* wantengUITests */ = {
			isa = PBXGroup;
			children = (
				4A6C23F31DEE5EE300F61CD0 /* wantengUITests.m */,
				4A6C23F51DEE5EE300F61CD0 /* Info.plist */,
			);
			path = wantengUITests;
			sourceTree = "<group>";
		};
/* End PBXGroup section */

/* Begin PBXNativeTarget section */
		4A6C23C71DEE5EE200F61CD0 /* wanteng */ = {
			isa = PBXNativeTarget;
			buildConfigurationList = 4A6C23F81DEE5EE300F61CD0 /* Build configuration list for PBXNativeTarget "wanteng" */;
			buildPhases = (
				4A6C23C41DEE5EE200F61CD0 /* Sources */,
				4A6C23C51DEE5EE200F61CD0 /* Frameworks */,
				4A6C23C61DEE5EE200F61CD0 /* Resources */,
			);
			buildRules = (
			);
			dependencies = (
			);
			name = wanteng;
			productName = wanteng;
			productReference = 4A6C23C81DEE5EE200F61CD0 /* wanteng.app */;
			productType = "com.apple.product-type.application";
		};
		4A6C23E31DEE5EE300F61CD0 /* wantengTests */ = {
			isa = PBXNativeTarget;
			buildConfigurationList = 4A6C23FB1DEE5EE300F61CD0 /* Build configuration list for PBXNativeTarget "wantengTests" */;
			buildPhases = (
				4A6C23E01DEE5EE300F61CD0 /* Sources */,
				4A6C23E11DEE5EE300F61CD0 /* Frameworks */,
				4A6C23E21DEE5EE300F61CD0 /* Resources */,
			);
			buildRules = (
			);
			dependencies = (
				4A6C23E61DEE5EE300F61CD0 /* PBXTargetDependency */,
			);
			name = wantengTests;
			productName = wantengTests;
			productReference = 4A6C23E41DEE5EE300F61CD0 /* wantengTests.xctest */;
			productType = "com.apple.product-type.bundle.unit-test";
		};
		4A6C23EE1DEE5EE300F61CD0 /* wantengUITests */ = {
			isa = PBXNativeTarget;
			buildConfigurationList = 4A6C23FE1DEE5EE300F61CD0 /* Build configuration list for PBXNativeTarget "wantengUITests" */;
			buildPhases = (
				4A6C23EB1DEE5EE300F61CD0 /* Sources */,
				4A6C23EC1DEE5EE300F61CD0 /* Frameworks */,
				4A6C23ED1DEE5EE300F61CD0 /* Resources */,
			);
			buildRules = (
			);
			dependencies = (
				4A6C23F11DEE5EE300F61CD0 /* PBXTargetDependency */,
			);
			name = wantengUITests;
			productName = wantengUITests;
			productReference = 4A6C23EF1DEE5EE300F61CD0 /* wantengUITests.xctest */;
			productType = "com.apple.product-type.bundle.ui-testing";
		};
/* End PBXNativeTarget section */

/* Begin PBXProject section */
		4A6C23C01DEE5EE200F61CD0 /* Project object */ = {
			isa = PBXProject;
			attributes = {
				LastUpgradeCheck = 0810;
				ORGANIZATIONNAME = com.wanteng;
				TargetAttributes = {
					4A6C23C71DEE5EE200F61CD0 = {
						CreatedOnToolsVersion = 8.1;
						ProvisioningStyle = Automatic;
					};
					4A6C23E31DEE5EE300F61CD0 = {
						CreatedOnToolsVersion = 8.1;
						ProvisioningStyle = Automatic;
						TestTargetID = 4A6C23C71DEE5EE200F61CD0;
					};
					4A6C23EE1DEE5EE300F61CD0 = {
						CreatedOnToolsVersion = 8.1;
						ProvisioningStyle = Automatic;
						TestTargetID = 4A6C23C71DEE5EE200F61CD0;
					};
				};
			};
			buildConfigurationList = 4A6C23C31DEE5EE200F61CD0 /* Build configuration list for PBXProject "wanteng" */;
			compatibilityVersion = "Xcode 3.2";
			developmentRegion = English;
			hasScannedForEncodings = 0;
			knownRegions = (
				en,
				Base,
			);
			mainGroup = 4A6C23BF1DEE5EE200F61CD0;
			productRefGroup = 4A6C23C91DEE5EE200F61CD0 /* Products */;
			projectDirPath = "";
			projectRoot = "";
			targets = (
				4A6C23C71DEE5EE200F61CD0 /* wanteng */,
				4A6C23E31DEE5EE300F61CD0 /* wantengTests */,
				4A6C23EE1DEE5EE300F61CD0 /* wantengUITests */,
			);
		};
/* End PBXProject section */

/* Begin PBXResourcesBuildPhase section */
		4A6C23C61DEE5EE200F61CD0 /* Resources */ = {
			isa = PBXResourcesBuildPhase;
			buildActionMask = 2147483647;
			files = (
				4A6C23DE1DEE5EE200F61CD0 /* LaunchScreen.storyboard in Resources */,
				4A6C23DB1DEE5EE200F61CD0 /* Assets.xcassets in Resources */,
				4A6C23D91DEE5EE200F61CD0 /* Main.storyboard in Resources */,
			);
			runOnlyForDeploymentPostprocessing = 0;
		};
		4A6C23E21DEE5EE300F61CD0 /* Resources */ = {
			isa = PBXResourcesBuildPhase;
			buildActionMask = 2147483647;
			files = (
			);
			runOnlyForDeploymentPostprocessing = 0;
		};
		4A6C23ED1DEE5EE300F61CD0 /* Resources */ = {
			isa = PBXResourcesBuildPhase;
			buildActionMask = 2147483647;
			files = (
			);
			runOnlyForDeploymentPostprocessing = 0;
		};
/* End PBXResourcesBuildPhase section */

/* Begin PBXSourcesBuildPhase section */
		4A6C23C41DEE5EE200F61CD0 /* Sources */ = {
			isa = PBXSourcesBuildPhase;
			buildActionMask = 2147483647;
			files = (
				4A6C23D61DEE5EE200F61CD0 /* SecondViewController.m in Sources */,
				4A6C23D01DEE5EE200F61CD0 /* AppDelegate.m in Sources */,
				4A6C23D31DEE5EE200F61CD0 /* FirstViewController.m in Sources */,
				4A6C23CD1DEE5EE200F61CD0 /* main.m in Sources */,
			);
			runOnlyForDeploymentPostprocessing = 0;
		};
		4A6C23E01DEE5EE300F61CD0 /* Sources */ = {
			isa = PBXSourcesBuildPhase;
			buildActionMask = 2147483647;
			files = (
				4A6C23E91DEE5EE300F61CD0 /* wantengTests.m in Sources */,
			);
			runOnlyForDeploymentPostprocessing = 0;
		};
		4A6C23EB1DEE5EE300F61CD0 /* Sources */ = {
			isa = PBXSourcesBuildPhase;
			buildActionMask = 2147483647;
			files = (
				4A6C23F41DEE5EE300F61CD0 /* wantengUITests.m in Sources */,
			);
			runOnlyForDeploymentPostprocessing = 0;
		};
/* End PBXSourcesBuildPhase section */

/* Begin PBXTargetDependency section */
		4A6C23E61DEE5EE300F61CD0 /* PBXTargetDependency */ = {
			isa = PBXTargetDependency;
			target = 4A6C23C71DEE5EE200F61CD0 /* wanteng */;
			targetProxy = 4A6C23E51DEE5EE300F61CD0 /* PBXContainerItemProxy */;
		};
		4A6C23F11DEE5EE300F61CD0 /* PBXTargetDependency */ = {
			isa = PBXTargetDependency;
			target = 4A6C23C71DEE5EE200F61CD0 /* wanteng */;
			targetProxy = 4A6C23F01DEE5EE300F61CD0 /* PBXContainerItemProxy */;
		};
/* End PBXTargetDependency section */

/* Begin PBXVariantGroup section */
		4A6C23D71DEE5EE200F61CD0 /* Main.storyboard */ = {
			isa = PBXVariantGroup;
			children = (
				4A6C23D81DEE5EE200F61CD0 /* Base */,
			);
			name = Main.storyboard;
			sourceTree = "<group>";
		};
		4A6C23DC1DEE5EE200F61CD0 /* LaunchScreen.storyboard */ = {
			isa = PBXVariantGroup;
			children = (
				4A6C23DD1DEE5EE200F61CD0 /* Base */,
			);
			name = LaunchScreen.storyboard;
			sourceTree = "<group>";
		};
/* End PBXVariantGroup section */

/* Begin XCBuildConfiguration section */
		4A6C23F61DEE5EE300F61CD0 /* Debug */ = {
			isa = XCBuildConfiguration;
			buildSettings = {
				ALWAYS_SEARCH_USER_PATHS = NO;
				CLANG_ANALYZER_NONNULL = YES;
				CLANG_CXX_LANGUAGE_STANDARD = "gnu++0x";
				CLANG_CXX_LIBRARY = "libc++";
				CLANG_ENABLE_MODULES = YES;
				CLANG_ENABLE_OBJC_ARC = YES;
				CLANG_WARN_BOOL_CONVERSION = YES;
				CLANG_WARN_CONSTANT_CONVERSION = YES;
				CLANG_WARN_DIRECT_OBJC_ISA_USAGE = YES_ERROR;
				CLANG_WARN_DOCUMENTATION_COMMENTS = YES;
				CLANG_WARN_EMPTY_BODY = YES;
				CLANG_WARN_ENUM_CONVERSION = YES;
				CLANG_WARN_INFINITE_RECURSION = YES;
				CLANG_WARN_INT_CONVERSION = YES;
				CLANG_WARN_OBJC_ROOT_CLASS = YES_ERROR;
				CLANG_WARN_SUSPICIOUS_MOVES = YES;
				CLANG_WARN_UNREACHABLE_CODE = YES;
				CLANG_WARN__DUPLICATE_METHOD_MATCH = YES;
				"CODE_SIGN_IDENTITY[sdk=iphoneos*]" = "iPhone Developer";
				COPY_PHASE_STRIP = NO;
				DEBUG_INFORMATION_FORMAT = dwarf;
				ENABLE_STRICT_OBJC_MSGSEND = YES;
				ENABLE_TESTABILITY = YES;
				GCC_C_LANGUAGE_STANDARD = gnu99;
				GCC_DYNAMIC_NO_PIC = NO;
				GCC_NO_COMMON_BLOCKS = YES;
				GCC_OPTIMIZATION_LEVEL = 0;
				GCC_PREPROCESSOR_DEFINITIONS = (
					"DEBUG=1",
					"$(inherited)",
				);
				GCC_WARN_64_TO_32_BIT_CONVERSION = YES;
				GCC_WARN_ABOUT_RETURN_TYPE = YES_ERROR;
				GCC_WARN_UNDECLARED_SELECTOR = YES;
				GCC_WARN_UNINITIALIZED_AUTOS = YES_AGGRESSIVE;
				GCC_WARN_UNUSED_FUNCTION = YES;
				GCC_WARN_UNUSED_VARIABLE = YES;
				IPHONEOS_DEPLOYMENT_TARGET = 10.1;
				MTL_ENABLE_DEBUG_INFO = YES;
				ONLY_ACTIVE_ARCH = YES;
				SDKROOT = iphoneos;
			};
			name = Debug;
		};
		4A6C23F71DEE5EE300F61CD0 /* Release */ = {
			isa = XCBuildConfiguration;
			buildSettings = {
				ALWAYS_SEARCH_USER_PATHS = NO;
				CLANG_ANALYZER_NONNULL = YES;
				CLANG_CXX_LANGUAGE_STANDARD = "gnu++0x";
				CLANG_CXX_LIBRARY = "libc++";
				CLANG_ENABLE_MODULES = YES;
				CLANG_ENABLE_OBJC_ARC = YES;
				CLANG_WARN_BOOL_CONVERSION = YES;
				CLANG_WARN_CONSTANT_CONVERSION = YES;
				CLANG_WARN_DIRECT_OBJC_ISA_USAGE = YES_ERROR;
				CLANG_WARN_DOCUMENTATION_COMMENTS = YES;
				CLANG_WARN_EMPTY_BODY = YES;
				CLANG_WARN_ENUM_CONVERSION = YES;
				CLANG_WARN_INFINITE_RECURSION = YES;
				CLANG_WARN_INT_CONVERSION = YES;
				CLANG_WARN_OBJC_ROOT_CLASS = YES_ERROR;
				CLANG_WARN_SUSPICIOUS_MOVES = YES;
				CLANG_WARN_UNREACHABLE_CODE = YES;
				CLANG_WARN__DUPLICATE_METHOD_MATCH = YES;
				"CODE_SIGN_IDENTITY[sdk=iphoneos*]" = "iPhone Developer";
				COPY_PHASE_STRIP = NO;
				DEBUG_INFORMATION_FORMAT = "dwarf-with-dsym";
				ENABLE_NS_ASSERTIONS = NO;
				ENABLE_STRICT_OBJC_MSGSEND = YES;
				GCC_C_LANGUAGE_STANDARD = gnu99;
				GCC_NO_COMMON_BLOCKS = YES;
				GCC_WARN_64_TO_32_BIT_CONVERSION = YES;
				GCC_WARN_ABOUT_RETURN_TYPE = YES_ERROR;
				GCC_WARN_UNDECLARED_SELECTOR = YES;
				GCC_WARN_UNINITIALIZED_AUTOS = YES_AGGRESSIVE;
				GCC_WARN_UNUSED_FUNCTION = YES;
				GCC_WARN_UNUSED_VARIABLE = YES;
				IPHONEOS_DEPLOYMENT_TARGET = 10.1;
				MTL_ENABLE_DEBUG_INFO = NO;
				SDKROOT = iphoneos;
				VALIDATE_PRODUCT = YES;
			};
			name = Release;
		};
		4A6C23F91DEE5EE300F61CD0 /* Debug */ = {
			isa = XCBuildConfiguration;
			buildSettings = {
				ASSETCATALOG_COMPILER_APPICON_NAME = AppIcon;
				INFOPLIST_FILE = wanteng/Info.plist;
				LD_RUNPATH_SEARCH_PATHS = "$(inherited) @executable_path/Frameworks";
				PRODUCT_BUNDLE_IDENTIFIER = com.chengqu.wanteng;
				PRODUCT_NAME = "$(TARGET_NAME)";
			};
			name = Debug;
		};
		4A6C23FA1DEE5EE300F61CD0 /* Release */ = {
			isa = XCBuildConfiguration;
			buildSettings = {
				ASSETCATALOG_COMPILER_APPICON_NAME = AppIcon;
				INFOPLIST_FILE = wanteng/Info.plist;
				LD_RUNPATH_SEARCH_PATHS = "$(inherited) @executable_path/Frameworks";
				PRODUCT_BUNDLE_IDENTIFIER = com.chengqu.wanteng;
				PRODUCT_NAME = "$(TARGET_NAME)";
			};
			name = Release;
		};
		4A6C23FC1DEE5EE300F61CD0 /* Debug */ = {
			isa = XCBuildConfiguration;
			buildSettings = {
				BUNDLE_LOADER = "$(TEST_HOST)";
				INFOPLIST_FILE = wantengTests/Info.plist;
				LD_RUNPATH_SEARCH_PATHS = "$(inherited) @executable_path/Frameworks @loader_path/Frameworks";
				PRODUCT_BUNDLE_IDENTIFIER = com.chengqu.wantengTests;
				PRODUCT_NAME = "$(TARGET_NAME)";
				TEST_HOST = "$(BUILT_PRODUCTS_DIR)/wanteng.app/wanteng";
			};
			name = Debug;
		};
		4A6C23FD1DEE5EE300F61CD0 /* Release */ = {
			isa = XCBuildConfiguration;
			buildSettings = {
				BUNDLE_LOADER = "$(TEST_HOST)";
				INFOPLIST_FILE = wantengTests/Info.plist;
				LD_RUNPATH_SEARCH_PATHS = "$(inherited) @executable_path/Frameworks @loader_path/Frameworks";
				PRODUCT_BUNDLE_IDENTIFIER = com.chengqu.wantengTests;
				PRODUCT_NAME = "$(TARGET_NAME)";
				TEST_HOST = "$(BUILT_PRODUCTS_DIR)/wanteng.app/wanteng";
			};
			name = Release;
		};
		4A6C23FF1DEE5EE300F61CD0 /* Debug */ = {
			isa = XCBuildConfiguration;
			buildSettings = {
				INFOPLIST_FILE = wantengUITests/Info.plist;
				LD_RUNPATH_SEARCH_PATHS = "$(inherited) @executable_path/Frameworks @loader_path/Frameworks";
				PRODUCT_BUNDLE_IDENTIFIER = com.chengqu.wantengUITests;
				PRODUCT_NAME = "$(TARGET_NAME)";
				TEST_TARGET_NAME = wanteng;
			};
			name = Debug;
		};
		4A6C24001DEE5EE300F61CD0 /* Release */ = {
			isa = XCBuildConfiguration;
			buildSettings = {
				INFOPLIST_FILE = wantengUITests/Info.plist;
				LD_RUNPATH_SEARCH_PATHS = "$(inherited) @executable_path/Frameworks @loader_path/Frameworks";
				PRODUCT_BUNDLE_IDENTIFIER = com.chengqu.wantengUITests;
				PRODUCT_NAME = "$(TARGET_NAME)";
				TEST_TARGET_NAME = wanteng;
			};
			name = Release;
		};
/* End XCBuildConfiguration section */

/* Begin XCConfigurationList section */
		4A6C23C31DEE5EE200F61CD0 /* Build configuration list for PBXProject "wanteng" */ = {
			isa = XCConfigurationList;
			buildConfigurations = (
				4A6C23F61DEE5EE300F61CD0 /* Debug */,
				4A6C23F71DEE5EE300F61CD0 /* Release */,
			);
			defaultConfigurationIsVisible = 0;
			defaultConfigurationName = Release;
		};
		4A6C23F81DEE5EE300F61CD0 /* Build configuration list for PBXNativeTarget "wanteng" */ = {
			isa = XCConfigurationList;
			buildConfigurations = (
				4A6C23F91DEE5EE300F61CD0 /* Debug */,
				4A6C23FA1DEE5EE300F61CD0 /* Release */,
			);
			defaultConfigurationIsVisible = 0;
		};
		4A6C23FB1DEE5EE300F61CD0 /* Build configuration list for PBXNativeTarget "wantengTests" */ = {
			isa = XCConfigurationList;
			buildConfigurations = (
				4A6C23FC1DEE5EE300F61CD0 /* Debug */,
				4A6C23FD1DEE5EE300F61CD0 /* Release */,
			);
			defaultConfigurationIsVisible = 0;
		};
		4A6C23FE1DEE5EE300F61CD0 /* Build configuration list for PBXNativeTarget "wantengUITests" */ = {
			isa = XCConfigurationList;
			buildConfigurations = (
				4A6C23FF1DEE5EE300F61CD0 /* Debug */,
				4A6C24001DEE5EE300F61CD0 /* Release */,
			);
			defaultConfigurationIsVisible = 0;
		};
/* End XCConfigurationList section */
	};
	rootObject = 4A6C23C01DEE5EE200F61CD0 /* Project object */;
}
